
Microsoft Visual Studio Solution File, Format Version 12.00
# Visual Studio Version 18
VisualStudioVersion = 18.7.11903.348
MinimumVisualStudioVersion = 10.0.40219.1
Project("{9A19103F-16F7-4668-BE54-9A1E7A4F7556}") = "BODA.CMS", "BODA.CMS.csproj", "{B1E3D2A4-5C6F-4A7B-8D9E-0F1A2B3C4D5E}"
EndProject
Project("{9A19103F-16F7-4668-BE54-9A1E7A4F7556}") = "BODA.CMS.Tests", "tests\BODA.CMS.Tests\BODA.CMS.Tests.csproj", "{6F8D3B21-9A4C-4E7D-B5A0-2C1D8E9F0A3B}"
EndProject
Project("{2150E333-8FDC-42A3-9474-1A3956D46DE8}") = "Core", "Core", "{FBF56CC3-7AE6-AD2D-3F14-7F97FD322CD6}"
EndProject
Project("{FAE04EC0-301F-11D3-BF4B-00C04F79EFBC}") = "BODA.CMS.Core", "Core\BODA.CMS.Core.csproj", "{D0458AE4-2819-44DC-9211-C4BB452908D1}"
EndProject
Project("{2150E333-8FDC-42A3-9474-1A3956D46DE8}") = "Comms", "Comms", "{0622D3DC-CEE5-0548-D528-BB712D8FC103}"
EndProject
Project("{FAE04EC0-301F-11D3-BF4B-00C04F79EFBC}") = "BODA.CMS.Comms", "Comms\BODA.CMS.Comms.csproj", "{9B161879-21C0-4D11-B16F-69E3E6BA71D0}"
EndProject
Project("{2150E333-8FDC-42A3-9474-1A3956D46DE8}") = "Drivers", "Drivers", "{74553503-8F02-3961-70FA-B3C80C1C4ED6}"
EndProject
Project("{2150E333-8FDC-42A3-9474-1A3956D46DE8}") = "Doosan", "Doosan", "{9C525665-6AA0-2272-620B-942A1816FB0D}"
EndProject
Project("{FAE04EC0-301F-11D3-BF4B-00C04F79EFBC}") = "BODA.CMS.Drivers.Doosan", "Drivers\Doosan\BODA.CMS.Drivers.Doosan.csproj", "{782DEC29-8151-4DE8-8EF0-842D9465CAC6}"
EndProject
Project("{2150E333-8FDC-42A3-9474-1A3956D46DE8}") = "Simulated", "Simulated", "{3992B7EA-AA2B-262B-942C-FBDAC1FF7E6E}"
EndProject
Project("{FAE04EC0-301F-11D3-BF4B-00C04F79EFBC}") = "BODA.CMS.Drivers.Simulated", "Drivers\Simulated\BODA.CMS.Drivers.Simulated.csproj", "{BF6F9071-EC03-4C98-8A22-227FDB1E793B}"
EndProject
Project("{2150E333-8FDC-42A3-9474-1A3956D46DE8}") = "Collector", "Collector", "{E72189E3-A813-5E32-AC61-D436CCCF08F1}"
EndProject
Project("{FAE04EC0-301F-11D3-BF4B-00C04F79EFBC}") = "BODA.CMS.Collector", "Collector\BODA.CMS.Collector.csproj", "{61C2F1DE-9A43-4166-9D33-4C48C4650D18}"
EndProject
Project("{2150E333-8FDC-42A3-9474-1A3956D46DE8}") = "Analytics", "Analytics", "{617AE927-A5CE-9280-A225-278160591262}"
EndProject
Project("{FAE04EC0-301F-11D3-BF4B-00C04F79EFBC}") = "BODA.CMS.Analytics", "Analytics\BODA.CMS.Analytics.csproj", "{02D0974B-3F00-4E86-8E0A-DDE7BA164BCD}"
EndProject
Project("{2150E333-8FDC-42A3-9474-1A3956D46DE8}") = "Vision", "Vision", "{89C21DE7-2A96-66A5-E2E4-551F5A80162D}"
EndProject
Project("{FAE04EC0-301F-11D3-BF4B-00C04F79EFBC}") = "BODA.CMS.Vision", "Vision\BODA.CMS.Vision.csproj", "{1F95CFF1-88FE-4F17-9FDC-13628F48F95C}"
EndProject
Project("{2150E333-8FDC-42A3-9474-1A3956D46DE8}") = "Jaka", "Jaka", "{F34AEF77-11A5-1A49-6F3B-0B4CA7504AA4}"
EndProject
Project("{FAE04EC0-301F-11D3-BF4B-00C04F79EFBC}") = "BODA.CMS.Drivers.Jaka", "Drivers\Jaka\BODA.CMS.Drivers.Jaka.csproj", "{8F3AA8AC-A31D-4F36-8292-5FA7172182A4}"
EndProject
Global
	GlobalSection(SolutionConfigurationPlatforms) = preSolution
		Debug|x64 = Debug|x64
		Debug|Any CPU = Debug|Any CPU
		Debug|x86 = Debug|x86
		Release|x64 = Release|x64
		Release|Any CPU = Release|Any CPU
		Release|x86 = Release|x86
	EndGlobalSection
	GlobalSection(ProjectConfigurationPlatforms) = postSolution
		{B1E3D2A4-5C6F-4A7B-8D9E-0F1A2B3C4D5E}.Debug|x64.ActiveCfg = Debug|x64
		{B1E3D2A4-5C6F-4A7B-8D9E-0F1A2B3C4D5E}.Debug|x64.Build.0 = Debug|x64
		{B1E3D2A4-5C6F-4A7B-8D9E-0F1A2B3C4D5E}.Debug|Any CPU.ActiveCfg = Debug|Any CPU
		{B1E3D2A4-5C6F-4A7B-8D9E-0F1A2B3C4D5E}.Debug|Any CPU.Build.0 = Debug|Any CPU
		{B1E3D2A4-5C6F-4A7B-8D9E-0F1A2B3C4D5E}.Debug|x86.ActiveCfg = Debug|Any CPU
		{B1E3D2A4-5C6F-4A7B-8D9E-0F1A2B3C4D5E}.Debug|x86.Build.0 = Debug|Any CPU
		{B1E3D2A4-5C6F-4A7B-8D9E-0F1A2B3C4D5E}.Release|x64.ActiveCfg = Release|x64
		{B1E3D2A4-5C6F-4A7B-8D9E-0F1A2B3C4D5E}.Release|x64.Build.0 = Release|x64
		{B1E3D2A4-5C6F-4A7B-8D9E-0F1A2B3C4D5E}.Release|Any CPU.ActiveCfg = Release|Any CPU
		{B1E3D2A4-5C6F-4A7B-8D9E-0F1A2B3C4D5E}.Release|Any CPU.Build.0 = Release|Any CPU
		{B1E3D2A4-5C6F-4A7B-8D9E-0F1A2B3C4D5E}.Release|x86.ActiveCfg = Release|Any CPU
		{B1E3D2A4-5C6F-4A7B-8D9E-0F1A2B3C4D5E}.Release|x86.Build.0 = Release|Any CPU
		{6F8D3B21-9A4C-4E7D-B5A0-2C1D8E9F0A3B}.Debug|x64.ActiveCfg = Debug|x64
		{6F8D3B21-9A4C-4E7D-B5A0-2C1D8E9F0A3B}.Debug|x64.Build.0 = Debug|x64
		{6F8D3B21-9A4C-4E7D-B5A0-2C1D8E9F0A3B}.Debug|Any CPU.ActiveCfg = Debug|Any CPU
		{6F8D3B21-9A4C-4E7D-B5A0-2C1D8E9F0A3B}.Debug|Any CPU.Build.0 = Debug|Any CPU
		{6F8D3B21-9A4C-4E7D-B5A0-2C1D8E9F0A3B}.Debug|x86.ActiveCfg = Debug|Any CPU
		{6F8D3B21-9A4C-4E7D-B5A0-2C1D8E9F0A3B}.Debug|x86.Build.0 = Debug|Any CPU
		{6F8D3B21-9A4C-4E7D-B5A0-2C1D8E9F0A3B}.Release|x64.ActiveCfg = Release|x64
		{6F8D3B21-9A4C-4E7D-B5A0-2C1D8E9F0A3B}.Release|x64.Build.0 = Release|x64
		{6F8D3B21-9A4C-4E7D-B5A0-2C1D8E9F0A3B}.Release|Any CPU.ActiveCfg = Release|Any CPU
		{6F8D3B21-9A4C-4E7D-B5A0-2C1D8E9F0A3B}.Release|Any CPU.Build.0 = Release|Any CPU
		{6F8D3B21-9A4C-4E7D-B5A0-2C1D8E9F0A3B}.Release|x86.ActiveCfg = Release|Any CPU
		{6F8D3B21-9A4C-4E7D-B5A0-2C1D8E9F0A3B}.Release|x86.Build.0 = Release|Any CPU
		{D0458AE4-2819-44DC-9211-C4BB452908D1}.Debug|x64.ActiveCfg = Debug|Any CPU
		{D0458AE4-2819-44DC-9211-C4BB452908D1}.Debug|x64.Build.0 = Debug|Any CPU
		{D0458AE4-2819-44DC-9211-C4BB452908D1}.Debug|Any CPU.ActiveCfg = Debug|Any CPU
		{D0458AE4-2819-44DC-9211-C4BB452908D1}.Debug|Any CPU.Build.0 = Debug|Any CPU
		{D0458AE4-2819-44DC-9211-C4BB452908D1}.Debug|x86.ActiveCfg = Debug|Any CPU
		{D0458AE4-2819-44DC-9211-C4BB452908D1}.Debug|x86.Build.0 = Debug|Any CPU
		{D0458AE4-2819-44DC-9211-C4BB452908D1}.Release|x64.ActiveCfg = Release|Any CPU
		{D0458AE4-2819-44DC-9211-C4BB452908D1}.Release|x64.Build.0 = Release|Any CPU
		{D0458AE4-2819-44DC-9211-C4BB452908D1}.Release|Any CPU.ActiveCfg = Release|Any CPU
		{D0458AE4-2819-44DC-9211-C4BB452908D1}.Release|Any CPU.Build.0 = Release|Any CPU
		{D0458AE4-2819-44DC-9211-C4BB452908D1}.Release|x86.ActiveCfg = Release|Any CPU
		{D0458AE4-2819-44DC-9211-C4BB452908D1}.Release|x86.Build.0 = Release|Any CPU
		{9B161879-21C0-4D11-B16F-69E3E6BA71D0}.Debug|x64.ActiveCfg = Debug|Any CPU
		{9B161879-21C0-4D11-B16F-69E3E6BA71D0}.Debug|x64.Build.0 = Debug|Any CPU
		{9B161879-21C0-4D11-B16F-69E3E6BA71D0}.Debug|Any CPU.ActiveCfg = Debug|Any CPU
		{9B161879-21C0-4D11-B16F-69E3E6BA71D0}.Debug|Any CPU.Build.0 = Debug|Any CPU
		{9B161879-21C0-4D11-B16F-69E3E6BA71D0}.Debug|x86.ActiveCfg = Debug|Any CPU
		{9B161879-21C0-4D11-B16F-69E3E6BA71D0}.Debug|x86.Build.0 = Debug|Any CPU
		{9B161879-21C0-4D11-B16F-69E3E6BA71D0}.Release|x64.ActiveCfg = Release|Any CPU
		{9B161879-21C0-4D11-B16F-69E3E6BA71D0}.Release|x64.Build.0 = Release|Any CPU
		{9B161879-21C0-4D11-B16F-69E3E6BA71D0}.Release|Any CPU.ActiveCfg = Release|Any CPU
		{9B161879-21C0-4D11-B16F-69E3E6BA71D0}.Release|Any CPU.Build.0 = Release|Any CPU
		{9B161879-21C0-4D11-B16F-69E3E6BA71D0}.Release|x86.ActiveCfg = Release|Any CPU
		{9B161879-21C0-4D11-B16F-69E3E6BA71D0}.Release|x86.Build.0 = Release|Any CPU
		{782DEC29-8151-4DE8-8EF0-842D9465CAC6}.Debug|x64.ActiveCfg = Debug|Any CPU
		{782DEC29-8151-4DE8-8EF0-842D9465CAC6}.Debug|x64.Build.0 = Debug|Any CPU
		{782DEC29-8151-4DE8-8EF0-842D9465CAC6}.Debug|Any CPU.ActiveCfg = Debug|Any CPU
		{782DEC29-8151-4DE8-8EF0-842D9465CAC6}.Debug|Any CPU.Build.0 = Debug|Any CPU
		{782DEC29-8151-4DE8-8EF0-842D9465CAC6}.Debug|x86.ActiveCfg = Debug|Any CPU
		{782DEC29-8151-4DE8-8EF0-842D9465CAC6}.Debug|x86.Build.0 = Debug|Any CPU
		{782DEC29-8151-4DE8-8EF0-842D9465CAC6}.Release|x64.ActiveCfg = Release|Any CPU
		{782DEC29-8151-4DE8-8EF0-842D9465CAC6}.Release|x64.Build.0 = Release|Any CPU
		{782DEC29-8151-4DE8-8EF0-842D9465CAC6}.Release|Any CPU.ActiveCfg = Release|Any CPU
		{782DEC29-8151-4DE8-8EF0-842D9465CAC6}.Release|Any CPU.Build.0 = Release|Any CPU
		{782DEC29-8151-4DE8-8EF0-842D9465CAC6}.Release|x86.ActiveCfg = Release|Any CPU
		{782DEC29-8151-4DE8-8EF0-842D9465CAC6}.Release|x86.Build.0 = Release|Any CPU
		{BF6F9071-EC03-4C98-8A22-227FDB1E793B}.Debug|x64.ActiveCfg = Debug|Any CPU
		{BF6F9071-EC03-4C98-8A22-227FDB1E793B}.Debug|x64.Build.0 = Debug|Any CPU
		{BF6F9071-EC03-4C98-8A22-227FDB1E793B}.Debug|Any CPU.ActiveCfg = Debug|Any CPU
		{BF6F9071-EC03-4C98-8A22-227FDB1E793B}.Debug|Any CPU.Build.0 = Debug|Any CPU
		{BF6F9071-EC03-4C98-8A22-227FDB1E793B}.Debug|x86.ActiveCfg = Debug|Any CPU
		{BF6F9071-EC03-4C98-8A22-227FDB1E793B}.Debug|x86.Build.0 = Debug|Any CPU
		{BF6F9071-EC03-4C98-8A22-227FDB1E793B}.Release|x64.ActiveCfg = Release|Any CPU
		{BF6F9071-EC03-4C98-8A22-227FDB1E793B}.Release|x64.Build.0 = Release|Any CPU
		{BF6F9071-EC03-4C98-8A22-227FDB1E793B}.Release|Any CPU.ActiveCfg = Release|Any CPU
		{BF6F9071-EC03-4C98-8A22-227FDB1E793B}.Release|Any CPU.Build.0 = Release|Any CPU
		{BF6F9071-EC03-4C98-8A22-227FDB1E793B}.Release|x86.ActiveCfg = Release|Any CPU
		{BF6F9071-EC03-4C98-8A22-227FDB1E793B}.Release|x86.Build.0 = Release|Any CPU
		{61C2F1DE-9A43-4166-9D33-4C48C4650D18}.Debug|x64.ActiveCfg = Debug|Any CPU
		{61C2F1DE-9A43-4166-9D33-4C48C4650D18}.Debug|x64.Build.0 = Debug|Any CPU
		{61C2F1DE-9A43-4166-9D33-4C48C4650D18}.Debug|Any CPU.ActiveCfg = Debug|Any CPU
		{61C2F1DE-9A43-4166-9D33-4C48C4650D18}.Debug|Any CPU.Build.0 = Debug|Any CPU
		{61C2F1DE-9A43-4166-9D33-4C48C4650D18}.Debug|x86.ActiveCfg = Debug|Any CPU
		{61C2F1DE-9A43-4166-9D33-4C48C4650D18}.Debug|x86.Build.0 = Debug|Any CPU
		{61C2F1DE-9A43-4166-9D33-4C48C4650D18}.Release|x64.ActiveCfg = Release|Any CPU
		{61C2F1DE-9A43-4166-9D33-4C48C4650D18}.Release|x64.Build.0 = Release|Any CPU
		{61C2F1DE-9A43-4166-9D33-4C48C4650D18}.Release|Any CPU.ActiveCfg = Release|Any CPU
		{61C2F1DE-9A43-4166-9D33-4C48C4650D18}.Release|Any CPU.Build.0 = Release|Any CPU
		{61C2F1DE-9A43-4166-9D33-4C48C4650D18}.Release|x86.ActiveCfg = Release|Any CPU
		{61C2F1DE-9A43-4166-9D33-4C48C4650D18}.Release|x86.Build.0 = Release|Any CPU
		{02D0974B-3F00-4E86-8E0A-DDE7BA164BCD}.Debug|x64.ActiveCfg = Debug|Any CPU
		{02D0974B-3F00-4E86-8E0A-DDE7BA164BCD}.Debug|x64.Build.0 = Debug|Any CPU
		{02D0974B-3F00-4E86-8E0A-DDE7BA164BCD}.Debug|Any CPU.ActiveCfg = Debug|Any CPU
		{02D0974B-3F00-4E86-8E0A-DDE7BA164BCD}.Debug|Any CPU.Build.0 = Debug|Any CPU
		{02D0974B-3F00-4E86-8E0A-DDE7BA164BCD}.Debug|x86.ActiveCfg = Debug|Any CPU
		{02D0974B-3F00-4E86-8E0A-DDE7BA164BCD}.Debug|x86.Build.0 = Debug|Any CPU
		{02D0974B-3F00-4E86-8E0A-DDE7BA164BCD}.Release|x64.ActiveCfg = Release|Any CPU
		{02D0974B-3F00-4E86-8E0A-DDE7BA164BCD}.Release|x64.Build.0 = Release|Any CPU
		{02D0974B-3F00-4E86-8E0A-DDE7BA164BCD}.Release|Any CPU.ActiveCfg = Release|Any CPU
		{02D0974B-3F00-4E86-8E0A-DDE7BA164BCD}.Release|Any CPU.Build.0 = Release|Any CPU
		{02D0974B-3F00-4E86-8E0A-DDE7BA164BCD}.Release|x86.ActiveCfg = Release|Any CPU
		{02D0974B-3F00-4E86-8E0A-DDE7BA164BCD}.Release|x86.Build.0 = Release|Any CPU
		{1F95CFF1-88FE-4F17-9FDC-13628F48F95C}.Debug|x64.ActiveCfg = Debug|Any CPU
		{1F95CFF1-88FE-4F17-9FDC-13628F48F95C}.Debug|x64.Build.0 = Debug|Any CPU
		{1F95CFF1-88FE-4F17-9FDC-13628F48F95C}.Debug|Any CPU.ActiveCfg = Debug|Any CPU
		{1F95CFF1-88FE-4F17-9FDC-13628F48F95C}.Debug|Any CPU.Build.0 = Debug|Any CPU
		{1F95CFF1-88FE-4F17-9FDC-13628F48F95C}.Debug|x86.ActiveCfg = Debug|Any CPU
		{1F95CFF1-88FE-4F17-9FDC-13628F48F95C}.Debug|x86.Build.0 = Debug|Any CPU
		{1F95CFF1-88FE-4F17-9FDC-13628F48F95C}.Release|x64.ActiveCfg = Release|Any CPU
		{1F95CFF1-88FE-4F17-9FDC-13628F48F95C}.Release|x64.Build.0 = Release|Any CPU
		{1F95CFF1-88FE-4F17-9FDC-13628F48F95C}.Release|Any CPU.ActiveCfg = Release|Any CPU
		{1F95CFF1-88FE-4F17-9FDC-13628F48F95C}.Release|Any CPU.Build.0 = Release|Any CPU
		{1F95CFF1-88FE-4F17-9FDC-13628F48F95C}.Release|x86.ActiveCfg = Release|Any CPU
		{1F95CFF1-88FE-4F17-9FDC-13628F48F95C}.Release|x86.Build.0 = Release|Any CPU
		{8F3AA8AC-A31D-4F36-8292-5FA7172182A4}.Debug|x64.ActiveCfg = Debug|Any CPU
		{8F3AA8AC-A31D-4F36-8292-5FA7172182A4}.Debug|x64.Build.0 = Debug|Any CPU
		{8F3AA8AC-A31D-4F36-8292-5FA7172182A4}.Debug|Any CPU.ActiveCfg = Debug|Any CPU
		{8F3AA8AC-A31D-4F36-8292-5FA7172182A4}.Debug|Any CPU.Build.0 = Debug|Any CPU
		{8F3AA8AC-A31D-4F36-8292-5FA7172182A4}.Debug|x86.ActiveCfg = Debug|Any CPU
		{8F3AA8AC-A31D-4F36-8292-5FA7172182A4}.Debug|x86.Build.0 = Debug|Any CPU
		{8F3AA8AC-A31D-4F36-8292-5FA7172182A4}.Release|x64.ActiveCfg = Release|Any CPU
		{8F3AA8AC-A31D-4F36-8292-5FA7172182A4}.Release|x64.Build.0 = Release|Any CPU
		{8F3AA8AC-A31D-4F36-8292-5FA7172182A4}.Release|Any CPU.ActiveCfg = Release|Any CPU
		{8F3AA8AC-A31D-4F36-8292-5FA7172182A4}.Release|Any CPU.Build.0 = Release|Any CPU
		{8F3AA8AC-A31D-4F36-8292-5FA7172182A4}.Release|x86.ActiveCfg = Release|Any CPU
		{8F3AA8AC-A31D-4F36-8292-5FA7172182A4}.Release|x86.Build.0 = Release|Any CPU
	EndGlobalSection
	GlobalSection(SolutionProperties) = preSolution
		HideSolutionNode = FALSE
	EndGlobalSection
	GlobalSection(NestedProjects) = preSolution
		{D0458AE4-2819-44DC-9211-C4BB452908D1} = {FBF56CC3-7AE6-AD2D-3F14-7F97FD322CD6}
		{9B161879-21C0-4D11-B16F-69E3E6BA71D0} = {0622D3DC-CEE5-0548-D528-BB712D8FC103}
		{9C525665-6AA0-2272-620B-942A1816FB0D} = {74553503-8F02-3961-70FA-B3C80C1C4ED6}
		{782DEC29-8151-4DE8-8EF0-842D9465CAC6} = {9C525665-6AA0-2272-620B-942A1816FB0D}
		{3992B7EA-AA2B-262B-942C-FBDAC1FF7E6E} = {74553503-8F02-3961-70FA-B3C80C1C4ED6}
		{BF6F9071-EC03-4C98-8A22-227FDB1E793B} = {3992B7EA-AA2B-262B-942C-FBDAC1FF7E6E}
		{61C2F1DE-9A43-4166-9D33-4C48C4650D18} = {E72189E3-A813-5E32-AC61-D436CCCF08F1}
		{02D0974B-3F00-4E86-8E0A-DDE7BA164BCD} = {617AE927-A5CE-9280-A225-278160591262}
		{1F95CFF1-88FE-4F17-9FDC-13628F48F95C} = {89C21DE7-2A96-66A5-E2E4-551F5A80162D}
		{F34AEF77-11A5-1A49-6F3B-0B4CA7504AA4} = {74553503-8F02-3961-70FA-B3C80C1C4ED6}
		{8F3AA8AC-A31D-4F36-8292-5FA7172182A4} = {F34AEF77-11A5-1A49-6F3B-0B4CA7504AA4}
	EndGlobalSection
EndGlobal
